
Microsoft Visual Studio Solution File, Format Version 12.00
# Visual Studio 2013
VisualStudioVersion = 12.0.31101.0
MinimumVisualStudioVersion = 10.0.40219.1
Project("{FAE04EC0-301F-11D3-BF4B-00C04F79EFBC}") = "MVCBankApp", "MVCBankApp\MVCBankApp.csproj", "{511661B9-637D-4519-925F-A6F12E598225}"
EndProject
Project("{FAE04EC0-301F-11D3-BF4B-00C04F79EFBC}") = "Banking", "Banking\Banking.csproj", "{BB6289A9-94DF-4827-854E-4D01671187D7}"
EndProject
Global
	GlobalSection(SolutionConfigurationPlatforms) = preSolution
		Automated_Build|Any CPU = Automated_Build|Any CPU
		Debug|Any CPU = Debug|Any CPU
		Release|Any CPU = Release|Any CPU
	EndGlobalSection
	GlobalSection(ProjectConfigurationPlatforms) = postSolution
		{511661B9-637D-4519-925F-A6F12E598225}.Automated_Build|Any CPU.ActiveCfg = Automated_Build|Any CPU
		{511661B9-637D-4519-925F-A6F12E598225}.Automated_Build|Any CPU.Build.0 = Automated_Build|Any CPU
		{511661B9-637D-4519-925F-A6F12E598225}.Debug|Any CPU.ActiveCfg = Debug|Any CPU
		{511661B9-637D-4519-925F-A6F12E598225}.Debug|Any CPU.Build.0 = Debug|Any CPU
		{511661B9-637D-4519-925F-A6F12E598225}.Release|Any CPU.ActiveCfg = Release|Any CPU
		{511661B9-637D-4519-925F-A6F12E598225}.Release|Any CPU.Build.0 = Release|Any CPU
		{BB6289A9-94DF-4827-854E-4D01671187D7}.Automated_Build|Any CPU.ActiveCfg = Release|Any CPU
		{BB6289A9-94DF-4827-854E-4D01671187D7}.Automated_Build|Any CPU.Build.0 = Release|Any CPU
		{BB6289A9-94DF-4827-854E-4D01671187D7}.Debug|Any CPU.ActiveCfg = Debug|Any CPU
		{BB6289A9-94DF-4827-854E-4D01671187D7}.Debug|Any CPU.Build.0 = Debug|Any CPU
		{BB6289A9-94DF-4827-854E-4D01671187D7}.Release|Any CPU.ActiveCfg = Release|Any CPU
		{BB6289A9-94DF-4827-854E-4D01671187D7}.Release|Any CPU.Build.0 = Release|Any CPU
	EndGlobalSection
	GlobalSection(SolutionProperties) = preSolution
		HideSolutionNode = FALSE
	EndGlobalSection
EndGlobal
